// !$*UTF8*$!
{
	archiveVersion = 1;
	classes = {
	};
	objectVersion = 56;
	objects = {

/* Begin PBXBuildFile section */
		028B30D42B8DDAA600566694 /* ListNotesViewsController.swift in Sources */ = {isa = PBXBuildFile; fileRef = 028B30D32B8DDAA600566694 /* ListNotesViewsController.swift */; };
		028B30D62B8DDBE700566694 /* ListNoteTableViewCell.swift in Sources */ = {isa = PBXBuildFile; fileRef = 028B30D52B8DDBE700566694 /* ListNoteTableViewCell.swift */; };
		028B30DE2B8DE07F00566694 /* MyNotes.xcdatamodeld in Sources */ = {isa = PBXBuildFile; fileRef = 028B30DC2B8DE07F00566694 /* MyNotes.xcdatamodeld */; };
		028B30E12B8DE2CE00566694 /* Note+CoreDataClass.swift in Sources */ = {isa = PBXBuildFile; fileRef = 028B30DF2B8DE2CE00566694 /* Note+CoreDataClass.swift */; };
		028B30E22B8DE2CE00566694 /* Note+CoreDataProperties.swift in Sources */ = {isa = PBXBuildFile; fileRef = 028B30E02B8DE2CE00566694 /* Note+CoreDataProperties.swift */; };
		028B30E52B8DF61D00566694 /* EditNoteViewController.swift in Sources */ = {isa = PBXBuildFile; fileRef = 028B30E42B8DF61D00566694 /* EditNoteViewController.swift */; };
		028C802A2B8D1F33007C77AD /* AppDelegate.swift in Sources */ = {isa = PBXBuildFile; fileRef = 028C80292B8D1F33007C77AD /* AppDelegate.swift */; };
		028C802C2B8D1F33007C77AD /* SceneDelegate.swift in Sources */ = {isa = PBXBuildFile; fileRef = 028C802B2B8D1F33007C77AD /* SceneDelegate.swift */; };
		028C802E2B8D1F33007C77AD /* ViewController.swift in Sources */ = {isa = PBXBuildFile; fileRef = 028C802D2B8D1F33007C77AD /* ViewController.swift */; };
		028C80312B8D1F33007C77AD /* Main.storyboard in Resources */ = {isa = PBXBuildFile; fileRef = 028C802F2B8D1F33007C77AD /* Main.storyboard */; };
		028C80342B8D1F33007C77AD /* MyNotes.xcdatamodeld in Sources */ = {isa = PBXBuildFile; fileRef = 028C80322B8D1F33007C77AD /* MyNotes.xcdatamodeld */; };
		028C80362B8D1F37007C77AD /* Assets.xcassets in Resources */ = {isa = PBXBuildFile; fileRef = 028C80352B8D1F37007C77AD /* Assets.xcassets */; };
		028C80392B8D1F37007C77AD /* LaunchScreen.storyboard in Resources */ = {isa = PBXBuildFile; fileRef = 028C80372B8D1F37007C77AD /* LaunchScreen.storyboard */; };
/* End PBXBuildFile section */

/* Begin PBXFileReference section */
		028B30D32B8DDAA600566694 /* ListNotesViewsController.swift */ = {isa = PBXFileReference; lastKnownFileType = sourcecode.swift; path = ListNotesViewsController.swift; sourceTree = "<group>"; };
		028B30D52B8DDBE700566694 /* ListNoteTableViewCell.swift */ = {isa = PBXFileReference; lastKnownFileType = sourcecode.swift; path = ListNoteTableViewCell.swift; sourceTree = "<group>"; };
		028B30DD2B8DE07F00566694 /* MyNotes.xcdatamodel */ = {isa = PBXFileReference; lastKnownFileType = wrapper.xcdatamodel; path = MyNotes.xcdatamodel; sourceTree = "<group>"; };
		028B30DF2B8DE2CE00566694 /* Note+CoreDataClass.swift */ = {isa = PBXFileReference; lastKnownFileType = sourcecode.swift; name = "Note+CoreDataClass.swift"; path = "../../Note+CoreDataClass.swift"; sourceTree = "<group>"; };
		028B30E02B8DE2CE00566694 /* Note+CoreDataProperties.swift */ = {isa = PBXFileReference; lastKnownFileType = sourcecode.swift; name = "Note+CoreDataProperties.swift"; path = "../../Note+CoreDataProperties.swift"; sourceTree = "<group>"; };
		028B30E42B8DF61D00566694 /* EditNoteViewController.swift */ = {isa = PBXFileReference; lastKnownFileType = sourcecode.swift; path = EditNoteViewController.swift; sourceTree = "<group>"; };
		028C80262B8D1F33007C77AD /* MyNotes.app */ = {isa = PBXFileReference; explicitFileType = wrapper.application; includeInIndex = 0; path = MyNotes.app; sourceTree = BUILT_PRODUCTS_DIR; };
		028C80292B8D1F33007C77AD /* AppDelegate.swift */ = {isa = PBXFileReference; lastKnownFileType = sourcecode.swift; path = AppDelegate.swift; sourceTree = "<group>"; };
		028C802B2B8D1F33007C77AD /* SceneDelegate.swift */ = {isa = PBXFileReference; lastKnownFileType = sourcecode.swift; path = SceneDelegate.swift; sourceTree = "<group>"; };
		028C802D2B8D1F33007C77AD /* ViewController.swift */ = {isa = PBXFileReference; lastKnownFileType = sourcecode.swift; path = ViewController.swift; sourceTree = "<group>"; };
		028C80302B8D1F33007C77AD /* Base */ = {isa = PBXFileReference; lastKnownFileType = file.storyboard; name = Base; path = Base.lproj/Main.storyboard; sourceTree = "<group>"; };
		028C80332B8D1F33007C77AD /* MyNotes.xcdatamodel */ = {isa = PBXFileReference; lastKnownFileType = wrapper.xcdatamodel; path = MyNotes.xcdatamodel; sourceTree = "<group>"; };
		028C80352B8D1F37007C77AD /* Assets.xcassets */ = {isa = PBXFileReference; lastKnownFileType = folder.assetcatalog; path = Assets.xcassets; sourceTree = "<group>"; };
		028C80382B8D1F37007C77AD /* Base */ = {isa = PBXFileReference; lastKnownFileType = file.storyboard; name = Base; path = Base.lproj/LaunchScreen.storyboard; sourceTree = "<group>"; };
		028C803A2B8D1F37007C77AD /* Info.plist */ = {isa = PBXFileReference; lastKnownFileType = text.plist.xml; path = Info.plist; sourceTree = "<group>"; };
/* End PBXFileReference section */

/* Begin PBXFrameworksBuildPhase section */
		028C80232B8D1F33007C77AD /* Frameworks */ = {
			isa = PBXFrameworksBuildPhase;
			buildActionMask = 2147483647;
			files = (
			);
			runOnlyForDeploymentPostprocessing = 0;
		};
/* End PBXFrameworksBuildPhase section */

/* Begin PBXGroup section */
		028B30D12B8DDA6700566694 /* Views */ = {
			isa = PBXGroup;
			children = (
				028B30E32B8DF5FC00566694 /* EditNote */,
				028B30D22B8DDA7600566694 /* ListNotes */,
			);
			path = Views;
			sourceTree = "<group>";
		};
		028B30D22B8DDA7600566694 /* ListNotes */ = {
			isa = PBXGroup;
			children = (
				028B30D32B8DDAA600566694 /* ListNotesViewsController.swift */,
				028B30D52B8DDBE700566694 /* ListNoteTableViewCell.swift */,
			);
			path = ListNotes;
			sourceTree = "<group>";
		};
		028B30D72B8DDD4F00566694 /* Models */ = {
			isa = PBXGroup;
			children = (
				028B30DF2B8DE2CE00566694 /* Note+CoreDataClass.swift */,
				028B30E02B8DE2CE00566694 /* Note+CoreDataProperties.swift */,
				028B30DC2B8DE07F00566694 /* MyNotes.xcdatamodeld */,
			);
			path = Models;
			sourceTree = "<group>";
		};
		028B30E32B8DF5FC00566694 /* EditNote */ = {
			isa = PBXGroup;
			children = (
				028B30E42B8DF61D00566694 /* EditNoteViewController.swift */,
			);
			path = EditNote;
			sourceTree = "<group>";
		};
		028C801D2B8D1F32007C77AD = {
			isa = PBXGroup;
			children = (
				028C80282B8D1F33007C77AD /* MyNotes */,
				028C80272B8D1F33007C77AD /* Products */,
			);
			sourceTree = "<group>";
		};
		028C80272B8D1F33007C77AD /* Products */ = {
			isa = PBXGroup;
			children = (
				028C80262B8D1F33007C77AD /* MyNotes.app */,
			);
			name = Products;
			sourceTree = "<group>";
		};
		028C80282B8D1F33007C77AD /* MyNotes */ = {
			isa = PBXGroup;
			children = (
				028B30D72B8DDD4F00566694 /* Models */,
				028B30D12B8DDA6700566694 /* Views */,
				028C80292B8D1F33007C77AD /* AppDelegate.swift */,
				028C802B2B8D1F33007C77AD /* SceneDelegate.swift */,
				028C802D2B8D1F33007C77AD /* ViewController.swift */,
				028C802F2B8D1F33007C77AD /* Main.storyboard */,
				028C80352B8D1F37007C77AD /* Assets.xcassets */,
				028C80372B8D1F37007C77AD /* LaunchScreen.storyboard */,
				028C803A2B8D1F37007C77AD /* Info.plist */,
				028C80322B8D1F33007C77AD /* MyNotes.xcdatamodeld */,
			);
			path = MyNotes;
			sourceTree = "<group>";
		};
/* End PBXGroup section */

/* Begin PBXNativeTarget section */
		028C80252B8D1F33007C77AD /* MyNotes */ = {
			isa = PBXNativeTarget;
			buildConfigurationList = 028C803D2B8D1F37007C77AD /* Build configuration list for PBXNativeTarget "MyNotes" */;
			buildPhases = (
				028C80222B8D1F33007C77AD /* Sources */,
				028C80232B8D1F33007C77AD /* Frameworks */,
				028C80242B8D1F33007C77AD /* Resources */,
			);
			buildRules = (
			);
			dependencies = (
			);
			name = MyNotes;
			productName = MyNotes;
			productReference = 028C80262B8D1F33007C77AD /* MyNotes.app */;
			productType = "com.apple.product-type.application";
		};
/* End PBXNativeTarget section */

/* Begin PBXProject section */
		028C801E2B8D1F32007C77AD /* Project object */ = {
			isa = PBXProject;
			attributes = {
				BuildIndependentTargetsInParallel = 1;
				LastSwiftUpdateCheck = 1430;
				LastUpgradeCheck = 1430;
				TargetAttributes = {
					028C80252B8D1F33007C77AD = {
						CreatedOnToolsVersion = 14.3;
					};
				};
			};
			buildConfigurationList = 028C80212B8D1F32007C77AD /* Build configuration list for PBXProject "MyNotes" */;
			compatibilityVersion = "Xcode 14.0";
			developmentRegion = en;
			hasScannedForEncodings = 0;
			knownRegions = (
				en,
				Base,
			);
			mainGroup = 028C801D2B8D1F32007C77AD;
			productRefGroup = 028C80272B8D1F33007C77AD /* Products */;
			projectDirPath = "";
			projectRoot = "";
			targets = (
				028C80252B8D1F33007C77AD /* MyNotes */,
			);
		};
/* End PBXProject section */

/* Begin PBXResourcesBuildPhase section */
		028C80242B8D1F33007C77AD /* Resources */ = {
			isa = PBXResourcesBuildPhase;
			buildActionMask = 2147483647;
			files = (
				028C80392B8D1F37007C77AD /* LaunchScreen.storyboard in Resources */,
				028C80362B8D1F37007C77AD /* Assets.xcassets in Resources */,
				028C80312B8D1F33007C77AD /* Main.storyboard in Resources */,
			);
			runOnlyForDeploymentPostprocessing = 0;
		};
/* End PBXResourcesBuildPhase section */

/* Begin PBXSourcesBuildPhase section */
		028C80222B8D1F33007C77AD /* Sources */ = {
			isa = PBXSourcesBuildPhase;
			buildActionMask = 2147483647;
			files = (
				028C802E2B8D1F33007C77AD /* ViewController.swift in Sources */,
				028C802A2B8D1F33007C77AD /* AppDelegate.swift in Sources */,
				028C802C2B8D1F33007C77AD /* SceneDelegate.swift in Sources */,
				028B30DE2B8DE07F00566694 /* MyNotes.xcdatamodeld in Sources */,
				028C80342B8D1F33007C77AD /* MyNotes.xcdatamodeld in Sources */,
				028B30E12B8DE2CE00566694 /* Note+CoreDataClass.swift in Sources */,
				028B30D42B8DDAA600566694 /* ListNotesViewsController.swift in Sources */,
				028B30D62B8DDBE700566694 /* ListNoteTableViewCell.swift in Sources */,
				028B30E52B8DF61D00566694 /* EditNoteViewController.swift in Sources */,
				028B30E22B8DE2CE00566694 /* Note+CoreDataProperties.swift in Sources */,
			);
			runOnlyForDeploymentPostprocessing = 0;
		};
/* End PBXSourcesBuildPhase section */

/* Begin PBXVariantGroup section */
		028C802F2B8D1F33007C77AD /* Main.storyboard */ = {
			isa = PBXVariantGroup;
			children = (
				028C80302B8D1F33007C77AD /* Base */,
			);
			name = Main.storyboard;
			sourceTree = "<group>";
		};
		028C80372B8D1F37007C77AD /* LaunchScreen.storyboard */ = {
			isa = PBXVariantGroup;
			children = (
				028C80382B8D1F37007C77AD /* Base */,
			);
			name = LaunchScreen.storyboard;
			sourceTree = "<group>";
		};
/* End PBXVariantGroup section */

/* Begin XCBuildConfiguration section */
		028C803B2B8D1F37007C77AD /* Debug */ = {
			isa = XCBuildConfiguration;
			buildSettings = {
				ALWAYS_SEARCH_USER_PATHS = NO;
				CLANG_ANALYZER_NONNULL = YES;
				CLANG_ANALYZER_NUMBER_OBJECT_CONVERSION = YES_AGGRESSIVE;
				CLANG_CXX_LANGUAGE_STANDARD = "gnu++20";
				CLANG_ENABLE_MODULES = YES;
				CLANG_ENABLE_OBJC_ARC = YES;
				CLANG_ENABLE_OBJC_WEAK = YES;
				CLANG_WARN_BLOCK_CAPTURE_AUTORELEASING = YES;
				CLANG_WARN_BOOL_CONVERSION = YES;
				CLANG_WARN_COMMA = YES;
				CLANG_WARN_CONSTANT_CONVERSION = YES;
				CLANG_WARN_DEPRECATED_OBJC_IMPLEMENTATIONS = YES;
				CLANG_WARN_DIRECT_OBJC_ISA_USAGE = YES_ERROR;
				CLANG_WARN_DOCUMENTATION_COMMENTS = YES;
				CLANG_WARN_EMPTY_BODY = YES;
				CLANG_WARN_ENUM_CONVERSION = YES;
				CLANG_WARN_INFINITE_RECURSION = YES;
				CLANG_WARN_INT_CONVERSION = YES;
				CLANG_WARN_NON_LITERAL_NULL_CONVERSION = YES;
				CLANG_WARN_OBJC_IMPLICIT_RETAIN_SELF = YES;
				CLANG_WARN_OBJC_LITERAL_CONVERSION = YES;
				CLANG_WARN_OBJC_ROOT_CLASS = YES_ERROR;
				CLANG_WARN_QUOTED_INCLUDE_IN_FRAMEWORK_HEADER = YES;
				CLANG_WARN_RANGE_LOOP_ANALYSIS = YES;
				CLANG_WARN_STRICT_PROTOTYPES = YES;
				CLANG_WARN_SUSPICIOUS_MOVE = YES;
				CLANG_WARN_UNGUARDED_AVAILABILITY = YES_AGGRESSIVE;
				CLANG_WARN_UNREACHABLE_CODE = YES;
				CLANG_WARN__DUPLICATE_METHOD_MATCH = YES;
				COPY_PHASE_STRIP = NO;
				DEBUG_INFORMATION_FORMAT = dwarf;
				ENABLE_STRICT_OBJC_MSGSEND = YES;
				ENABLE_TESTABILITY = YES;
				GCC_C_LANGUAGE_STANDARD = gnu11;
				GCC_DYNAMIC_NO_PIC = NO;
				GCC_NO_COMMON_BLOCKS = YES;
				GCC_OPTIMIZATION_LEVEL = 0;
				GCC_PREPROCESSOR_DEFINITIONS = (
					"DEBUG=1",
					"$(inherited)",
				);
				GCC_WARN_64_TO_32_BIT_CONVERSION = YES;
				GCC_WARN_ABOUT_RETURN_TYPE = YES_ERROR;
				GCC_WARN_UNDECLARED_SELECTOR = YES;
				GCC_WARN_UNINITIALIZED_AUTOS = YES_AGGRESSIVE;
				GCC_WARN_UNUSED_FUNCTION = YES;
				GCC_WARN_UNUSED_VARIABLE = YES;
				IPHONEOS_DEPLOYMENT_TARGET = 16.4;
				MTL_ENABLE_DEBUG_INFO = INCLUDE_SOURCE;
				MTL_FAST_MATH = YES;
				ONLY_ACTIVE_ARCH = YES;
				SDKROOT = iphoneos;
				SWIFT_ACTIVE_COMPILATION_CONDITIONS = DEBUG;
				SWIFT_OPTIMIZATION_LEVEL = "-Onone";
			};
			name = Debug;
		};
		028C803C2B8D1F37007C77AD /* Release */ = {
			isa = XCBuildConfiguration;
			buildSettings = {
				ALWAYS_SEARCH_USER_PATHS = NO;
				CLANG_ANALYZER_NONNULL = YES;
				CLANG_ANALYZER_NUMBER_OBJECT_CONVERSION = YES_AGGRESSIVE;
				CLANG_CXX_LANGUAGE_STANDARD = "gnu++20";
				CLANG_ENABLE_MODULES = YES;
				CLANG_ENABLE_OBJC_ARC = YES;
				CLANG_ENABLE_OBJC_WEAK = YES;
				CLANG_WARN_BLOCK_CAPTURE_AUTORELEASING = YES;
				CLANG_WARN_BOOL_CONVERSION = YES;
				CLANG_WARN_COMMA = YES;
				CLANG_WARN_CONSTANT_CONVERSION = YES;
				CLANG_WARN_DEPRECATED_OBJC_IMPLEMENTATIONS = YES;
				CLANG_WARN_DIRECT_OBJC_ISA_USAGE = YES_ERROR;
				CLANG_WARN_DOCUMENTATION_COMMENTS = YES;
				CLANG_WARN_EMPTY_BODY = YES;
				CLANG_WARN_ENUM_CONVERSION = YES;
				CLANG_WARN_INFINITE_RECURSION = YES;
				CLANG_WARN_INT_CONVERSION = YES;
				CLANG_WARN_NON_LITERAL_NULL_CONVERSION = YES;
				CLANG_WARN_OBJC_IMPLICIT_RETAIN_SELF = YES;
				CLANG_WARN_OBJC_LITERAL_CONVERSION = YES;
				CLANG_WARN_OBJC_ROOT_CLASS = YES_ERROR;
				CLANG_WARN_QUOTED_INCLUDE_IN_FRAMEWORK_HEADER = YES;
				CLANG_WARN_RANGE_LOOP_ANALYSIS = YES;
				CLANG_WARN_STRICT_PROTOTYPES = YES;
				CLANG_WARN_SUSPICIOUS_MOVE = YES;
				CLANG_WARN_UNGUARDED_AVAILABILITY = YES_AGGRESSIVE;
				CLANG_WARN_UNREACHABLE_CODE = YES;
				CLANG_WARN__DUPLICATE_METHOD_MATCH = YES;
				COPY_PHASE_STRIP = NO;
				DEBUG_INFORMATION_FORMAT = "dwarf-with-dsym";
				ENABLE_NS_ASSERTIONS = NO;
				ENABLE_STRICT_OBJC_MSGSEND = YES;
				GCC_C_LANGUAGE_STANDARD = gnu11;
				GCC_NO_COMMON_BLOCKS = YES;
				GCC_WARN_64_TO_32_BIT_CONVERSION = YES;
				GCC_WARN_ABOUT_RETURN_TYPE = YES_ERROR;
				GCC_WARN_UNDECLARED_SELECTOR = YES;
				GCC_WARN_UNINITIALIZED_AUTOS = YES_AGGRESSIVE;
				GCC_WARN_UNUSED_FUNCTION = YES;
				GCC_WARN_UNUSED_VARIABLE = YES;
				IPHONEOS_DEPLOYMENT_TARGET = 16.4;
				MTL_ENABLE_DEBUG_INFO = NO;
				MTL_FAST_MATH = YES;
				SDKROOT = iphoneos;
				SWIFT_COMPILATION_MODE = wholemodule;
				SWIFT_OPTIMIZATION_LEVEL = "-O";
				VALIDATE_PRODUCT = YES;
			};
			name = Release;
		};
		028C803E2B8D1F37007C77AD /* Debug */ = {
			isa = XCBuildConfiguration;
			buildSettings = {
				ASSETCATALOG_COMPILER_APPICON_NAME = AppIcon;
				ASSETCATALOG_COMPILER_GLOBAL_ACCENT_COLOR_NAME = AccentColor;
				CODE_SIGN_STYLE = Automatic;
				CURRENT_PROJECT_VERSION = 1;
				GENERATE_INFOPLIST_FILE = YES;
				INFOPLIST_FILE = MyNotes/Info.plist;
				INFOPLIST_KEY_UIApplicationSupportsIndirectInputEvents = YES;
				INFOPLIST_KEY_UILaunchStoryboardName = LaunchScreen;
				INFOPLIST_KEY_UIMainStoryboardFile = Main;
				INFOPLIST_KEY_UISupportedInterfaceOrientations_iPad = "UIInterfaceOrientationPortrait UIInterfaceOrientationPortraitUpsideDown UIInterfaceOrientationLandscapeLeft UIInterfaceOrientationLandscapeRight";
				INFOPLIST_KEY_UISupportedInterfaceOrientations_iPhone = "UIInterfaceOrientationPortrait UIInterfaceOrientationLandscapeLeft UIInterfaceOrientationLandscapeRight";
				LD_RUNPATH_SEARCH_PATHS = (
					"$(inherited)",
					"@executable_path/Frameworks",
				);
				MARKETING_VERSION = 1.0;
				PRODUCT_BUNDLE_IDENTIFIER = com.grupi21.MyNotes;
				PRODUCT_NAME = "$(TARGET_NAME)";
				SWIFT_EMIT_LOC_STRINGS = YES;
				SWIFT_VERSION = 5.0;
				TARGETED_DEVICE_FAMILY = "1,2";
			};
			name = Debug;
		};
		028C803F2B8D1F37007C77AD /* Release */ = {
			isa = XCBuildConfiguration;
			buildSettings = {
				ASSETCATALOG_COMPILER_APPICON_NAME = AppIcon;
				ASSETCATALOG_COMPILER_GLOBAL_ACCENT_COLOR_NAME = AccentColor;
				CODE_SIGN_STYLE = Automatic;
				CURRENT_PROJECT_VERSION = 1;
				GENERATE_INFOPLIST_FILE = YES;
				INFOPLIST_FILE = MyNotes/Info.plist;
				INFOPLIST_KEY_UIApplicationSupportsIndirectInputEvents = YES;
				INFOPLIST_KEY_UILaunchStoryboardName = LaunchScreen;
				INFOPLIST_KEY_UIMainStoryboardFile = Main;
				INFOPLIST_KEY_UISupportedInterfaceOrientations_iPad = "UIInterfaceOrientationPortrait UIInterfaceOrientationPortraitUpsideDown UIInterfaceOrientationLandscapeLeft UIInterfaceOrientationLandscapeRight";
				INFOPLIST_KEY_UISupportedInterfaceOrientations_iPhone = "UIInterfaceOrientationPortrait UIInterfaceOrientationLandscapeLeft UIInterfaceOrientationLandscapeRight";
				LD_RUNPATH_SEARCH_PATHS = (
					"$(inherited)",
					"@executable_path/Frameworks",
				);
				MARKETING_VERSION = 1.0;
				PRODUCT_BUNDLE_IDENTIFIER = com.grupi21.MyNotes;
				PRODUCT_NAME = "$(TARGET_NAME)";
				SWIFT_EMIT_LOC_STRINGS = YES;
				SWIFT_VERSION = 5.0;
				TARGETED_DEVICE_FAMILY = "1,2";
			};
			name = Release;
		};
/* End XCBuildConfiguration section */

/* Begin XCConfigurationList section */
		028C80212B8D1F32007C77AD /* Build configuration list for PBXProject "MyNotes" */ = {
			isa = XCConfigurationList;
			buildConfigurations = (
				028C803B2B8D1F37007C77AD /* Debug */,
				028C803C2B8D1F37007C77AD /* Release */,
			);
			defaultConfigurationIsVisible = 0;
			defaultConfigurationName = Release;
		};
		028C803D2B8D1F37007C77AD /* Build configuration list for PBXNativeTarget "MyNotes" */ = {
			isa = XCConfigurationList;
			buildConfigurations = (
				028C803E2B8D1F37007C77AD /* Debug */,
				028C803F2B8D1F37007C77AD /* Release */,
			);
			defaultConfigurationIsVisible = 0;
			defaultConfigurationName = Release;
		};
/* End XCConfigurationList section */

/* Begin XCVersionGroup section */
		028B30DC2B8DE07F00566694 /* MyNotes.xcdatamodeld */ = {
			isa = XCVersionGroup;
			children = (
				028B30DD2B8DE07F00566694 /* MyNotes.xcdatamodel */,
			);
			currentVersion = 028B30DD2B8DE07F00566694 /* MyNotes.xcdatamodel */;
			path = MyNotes.xcdatamodeld;
			sourceTree = "<group>";
			versionGroupType = wrapper.xcdatamodel;
		};
		028C80322B8D1F33007C77AD /* MyNotes.xcdatamodeld */ = {
			isa = XCVersionGroup;
			children = (
				028C80332B8D1F33007C77AD /* MyNotes.xcdatamodel */,
			);
			currentVersion = 028C80332B8D1F33007C77AD /* MyNotes.xcdatamodel */;
			path = MyNotes.xcdatamodeld;
			sourceTree = "<group>";
			versionGroupType = wrapper.xcdatamodel;
		};
/* End XCVersionGroup section */
	};
	rootObject = 028C801E2B8D1F32007C77AD /* Project object */;
}
